// !$*UTF8*$!
{
	archiveVersion = 1;
	classes = {
	};
	objectVersion = 46;
	objects = {

/* Begin PBXBuildFile section */
		601F5D8E1951D99A00B6D89C /* Parse.framework in Frameworks */ = {isa = PBXBuildFile; fileRef = 601F5D8D1951D99A00B6D89C /* Parse.framework */; };
		601F5D911951DD8E00B6D89C /* CommentsTableViewCell.m in Sources */ = {isa = PBXBuildFile; fileRef = 601F5D901951DD8E00B6D89C /* CommentsTableViewCell.m */; };
		607E90EC19565E8D006F88C8 /* IndividualEventPhoto.m in Sources */ = {isa = PBXBuildFile; fileRef = 607E90EB19565E8D006F88C8 /* IndividualEventPhoto.m */; };
		608B6C991950DBCF007D4503 /* LoginViewController.m in Sources */ = {isa = PBXBuildFile; fileRef = 608B6C961950DBCF007D4503 /* LoginViewController.m */; };
		608B6C9A1950DBCF007D4503 /* SignupViewController.m in Sources */ = {isa = PBXBuildFile; fileRef = 608B6C981950DBCF007D4503 /* SignupViewController.m */; };
		608B6C9E1950FF51007D4503 /* CommentsViewController.m in Sources */ = {isa = PBXBuildFile; fileRef = 608B6C9D1950FF51007D4503 /* CommentsViewController.m */; };
		6091D1ED195B1A68001A371E /* AddressBook.framework in Frameworks */ = {isa = PBXBuildFile; fileRef = 6091D1EB195B1A68001A371E /* AddressBook.framework */; };
		6091D1EE195B1A68001A371E /* AddressBookUI.framework in Frameworks */ = {isa = PBXBuildFile; fileRef = 6091D1EC195B1A68001A371E /* AddressBookUI.framework */; };
		6091D1F1195B2806001A371E /* PendingFriendRequestsViewController.m in Sources */ = {isa = PBXBuildFile; fileRef = 6091D1F0195B2806001A371E /* PendingFriendRequestsViewController.m */; };
		6091D1F4195B28F6001A371E /* PendingFriendRequestsCustomTableViewCell.m in Sources */ = {isa = PBXBuildFile; fileRef = 6091D1F3195B28F6001A371E /* PendingFriendRequestsCustomTableViewCell.m */; };
		60B954531959C95900AE363D /* PeopleAttendingEventViewController.m in Sources */ = {isa = PBXBuildFile; fileRef = 60B954521959C95800AE363D /* PeopleAttendingEventViewController.m */; };
		60B954561959CA9300AE363D /* PeopleAttendingTableViewCell.m in Sources */ = {isa = PBXBuildFile; fileRef = 60B954551959CA9300AE363D /* PeopleAttendingTableViewCell.m */; };
		60C72085194F677300ADE5DF /* ChatEventViewController.m in Sources */ = {isa = PBXBuildFile; fileRef = 60C72084194F677300ADE5DF /* ChatEventViewController.m */; };
		60C7208E194F689400ADE5DF /* PageViewController.m in Sources */ = {isa = PBXBuildFile; fileRef = 60C7208D194F689400ADE5DF /* PageViewController.m */; };
		60C72094194F692000ADE5DF /* StreamEventViewController.m in Sources */ = {isa = PBXBuildFile; fileRef = 60C72093194F692000ADE5DF /* StreamEventViewController.m */; };
		60C72097194FAFC200ADE5DF /* StreamTableViewCell.m in Sources */ = {isa = PBXBuildFile; fileRef = 60C72096194FAFC200ADE5DF /* StreamTableViewCell.m */; };
		60C72099194FC53500ADE5DF /* MediaPlayer.framework in Frameworks */ = {isa = PBXBuildFile; fileRef = 60C72098194FC53500ADE5DF /* MediaPlayer.framework */; };
		60F47A9F194E2348007422E7 /* AudioToolbox.framework in Frameworks */ = {isa = PBXBuildFile; fileRef = 60F47A9E194E2348007422E7 /* AudioToolbox.framework */; };
		60F47AA1194E234E007422E7 /* CFNetwork.framework in Frameworks */ = {isa = PBXBuildFile; fileRef = 60F47AA0194E234E007422E7 /* CFNetwork.framework */; };
		60F47AA3194E2359007422E7 /* CoreLocation.framework in Frameworks */ = {isa = PBXBuildFile; fileRef = 60F47AA2194E2359007422E7 /* CoreLocation.framework */; };
		60F47AA5194E235F007422E7 /* libz.dylib in Frameworks */ = {isa = PBXBuildFile; fileRef = 60F47AA4194E235F007422E7 /* libz.dylib */; };
		60F47AA7194E2364007422E7 /* MobileCoreServices.framework in Frameworks */ = {isa = PBXBuildFile; fileRef = 60F47AA6194E2364007422E7 /* MobileCoreServices.framework */; };
		60F47AA9194E236A007422E7 /* QuartzCore.framework in Frameworks */ = {isa = PBXBuildFile; fileRef = 60F47AA8194E236A007422E7 /* QuartzCore.framework */; };
		60F47AAB194E2370007422E7 /* Security.framework in Frameworks */ = {isa = PBXBuildFile; fileRef = 60F47AAA194E236F007422E7 /* Security.framework */; };
		60F47AAD194E2375007422E7 /* StoreKit.framework in Frameworks */ = {isa = PBXBuildFile; fileRef = 60F47AAC194E2375007422E7 /* StoreKit.framework */; };
		60F47AAF194E237C007422E7 /* SystemConfiguration.framework in Frameworks */ = {isa = PBXBuildFile; fileRef = 60F47AAE194E237C007422E7 /* SystemConfiguration.framework */; };
		60F47AB2194E5223007422E7 /* HomeTableViewCell.m in Sources */ = {isa = PBXBuildFile; fileRef = 60F47AB1194E5223007422E7 /* HomeTableViewCell.m */; };
		60F47AB5194E7653007422E7 /* IndividualEventViewController.m in Sources */ = {isa = PBXBuildFile; fileRef = 60F47AB4194E7653007422E7 /* IndividualEventViewController.m */; };
		60F5B34019574C6500A80467 /* MapKit.framework in Frameworks */ = {isa = PBXBuildFile; fileRef = 60F5B33F19574C6500A80467 /* MapKit.framework */; };
		60F5B3461957537200A80467 /* ExploreEventAnnotationView.m in Sources */ = {isa = PBXBuildFile; fileRef = 60F5B3451957537200A80467 /* ExploreEventAnnotationView.m */; };
		60F5B34C1957555E00A80467 /* ExploreAnnotation.m in Sources */ = {isa = PBXBuildFile; fileRef = 60F5B34B1957555E00A80467 /* ExploreAnnotation.m */; };
		810C1EC3195605B70046DFB1 /* CustomTableViewCell.m in Sources */ = {isa = PBXBuildFile; fileRef = 810C1EC1195605B70046DFB1 /* CustomTableViewCell.m */; };
		930D190F195886DC00AE4AE1 /* GKImagePicker.m in Sources */ = {isa = PBXBuildFile; fileRef = 930D1904195886DC00AE4AE1 /* GKImagePicker.m */; };
		930D1910195886DC00AE4AE1 /* GKImageCropViewController.m in Sources */ = {isa = PBXBuildFile; fileRef = 930D1906195886DC00AE4AE1 /* GKImageCropViewController.m */; };
		930D1911195886DC00AE4AE1 /* GKImageCropView.m in Sources */ = {isa = PBXBuildFile; fileRef = 930D1908195886DC00AE4AE1 /* GKImageCropView.m */; };
		930D1912195886DC00AE4AE1 /* GKImageCropOverlayView.m in Sources */ = {isa = PBXBuildFile; fileRef = 930D190A195886DC00AE4AE1 /* GKImageCropOverlayView.m */; };
		930D1913195886DC00AE4AE1 /* GKCropBorderView.m in Sources */ = {isa = PBXBuildFile; fileRef = 930D190C195886DC00AE4AE1 /* GKCropBorderView.m */; };
		930D1914195886DC00AE4AE1 /* GKResizeableCropOverlayView.m in Sources */ = {isa = PBXBuildFile; fileRef = 930D190E195886DC00AE4AE1 /* GKResizeableCropOverlayView.m */; };
		930D191D195886E700AE4AE1 /* PLCameraSheetButton@2x.png in Resources */ = {isa = PBXBuildFile; fileRef = 930D1915195886E700AE4AE1 /* PLCameraSheetButton@2x.png */; };
		930D191E195886E700AE4AE1 /* PLCameraSheetButtonPressed@2x.png in Resources */ = {isa = PBXBuildFile; fileRef = 930D1916195886E700AE4AE1 /* PLCameraSheetButtonPressed@2x.png */; };
		930D191F195886E700AE4AE1 /* PLCameraSheetDoneButton@2x.png in Resources */ = {isa = PBXBuildFile; fileRef = 930D1917195886E700AE4AE1 /* PLCameraSheetDoneButton@2x.png */; };
		930D1920195886E700AE4AE1 /* PLCameraSheetDoneButtonPressed@2x.png in Resources */ = {isa = PBXBuildFile; fileRef = 930D1918195886E700AE4AE1 /* PLCameraSheetDoneButtonPressed@2x.png */; };
		930D1921195886E700AE4AE1 /* PLCameraSheetButton.png in Resources */ = {isa = PBXBuildFile; fileRef = 930D1919195886E700AE4AE1 /* PLCameraSheetButton.png */; };
		930D1922195886E700AE4AE1 /* PLCameraSheetButtonPressed.png in Resources */ = {isa = PBXBuildFile; fileRef = 930D191A195886E700AE4AE1 /* PLCameraSheetButtonPressed.png */; };
		930D1923195886E700AE4AE1 /* PLCameraSheetDoneButton.png in Resources */ = {isa = PBXBuildFile; fileRef = 930D191B195886E700AE4AE1 /* PLCameraSheetDoneButton.png */; };
		930D1924195886E700AE4AE1 /* PLCameraSheetDoneButtonPressed.png in Resources */ = {isa = PBXBuildFile; fileRef = 930D191C195886E700AE4AE1 /* PLCameraSheetDoneButtonPressed.png */; };
		93513A6119528A9000302A54 /* ChooseEventLocationViewController.m in Sources */ = {isa = PBXBuildFile; fileRef = 93513A6019528A9000302A54 /* ChooseEventLocationViewController.m */; };
		93513A641952902C00302A54 /* FSVenue.m in Sources */ = {isa = PBXBuildFile; fileRef = 93513A631952902C00302A54 /* FSVenue.m */; };
		9375544719509CAA008AAD45 /* InvitesViewController.m in Sources */ = {isa = PBXBuildFile; fileRef = 9375544619509CAA008AAD45 /* InvitesViewController.m */; };
		9375544A1950A5BF008AAD45 /* FindFriendsTableViewCell.m in Sources */ = {isa = PBXBuildFile; fileRef = 937554491950A5BF008AAD45 /* FindFriendsTableViewCell.m */; };
		9375544D1950B883008AAD45 /* EditProfileViewController.m in Sources */ = {isa = PBXBuildFile; fileRef = 9375544C1950B883008AAD45 /* EditProfileViewController.m */; };
		93802209195659A0004B492D /* DateAndTimeViewController.m in Sources */ = {isa = PBXBuildFile; fileRef = 93802208195659A0004B492D /* DateAndTimeViewController.m */; };
		9391EEC4195BD25C00554584 /* CoreImage.framework in Frameworks */ = {isa = PBXBuildFile; fileRef = 9391EEC3195BD25C00554584 /* CoreImage.framework */; };
		93952F8E194D5D4C001AA3E4 /* Foundation.framework in Frameworks */ = {isa = PBXBuildFile; fileRef = 93952F8D194D5D4C001AA3E4 /* Foundation.framework */; };
		93952F90194D5D4C001AA3E4 /* CoreGraphics.framework in Frameworks */ = {isa = PBXBuildFile; fileRef = 93952F8F194D5D4C001AA3E4 /* CoreGraphics.framework */; };
		93952F92194D5D4C001AA3E4 /* UIKit.framework in Frameworks */ = {isa = PBXBuildFile; fileRef = 93952F91194D5D4C001AA3E4 /* UIKit.framework */; };
		93952F98194D5D4C001AA3E4 /* InfoPlist.strings in Resources */ = {isa = PBXBuildFile; fileRef = 93952F96194D5D4C001AA3E4 /* InfoPlist.strings */; };
		93952F9A194D5D4C001AA3E4 /* main.m in Sources */ = {isa = PBXBuildFile; fileRef = 93952F99194D5D4C001AA3E4 /* main.m */; };
		93952F9E194D5D4C001AA3E4 /* AppDelegate.m in Sources */ = {isa = PBXBuildFile; fileRef = 93952F9D194D5D4C001AA3E4 /* AppDelegate.m */; };
		93952FA1194D5D4C001AA3E4 /* Main.storyboard in Resources */ = {isa = PBXBuildFile; fileRef = 93952F9F194D5D4C001AA3E4 /* Main.storyboard */; };
		93952FA6194D5D4C001AA3E4 /* Images.xcassets in Resources */ = {isa = PBXBuildFile; fileRef = 93952FA5194D5D4C001AA3E4 /* Images.xcassets */; };
		93952FAD194D5D4C001AA3E4 /* XCTest.framework in Frameworks */ = {isa = PBXBuildFile; fileRef = 93952FAC194D5D4C001AA3E4 /* XCTest.framework */; };
		93952FAE194D5D4C001AA3E4 /* Foundation.framework in Frameworks */ = {isa = PBXBuildFile; fileRef = 93952F8D194D5D4C001AA3E4 /* Foundation.framework */; };
		93952FAF194D5D4C001AA3E4 /* UIKit.framework in Frameworks */ = {isa = PBXBuildFile; fileRef = 93952F91194D5D4C001AA3E4 /* UIKit.framework */; };
		93952FB7194D5D4C001AA3E4 /* InfoPlist.strings in Resources */ = {isa = PBXBuildFile; fileRef = 93952FB5194D5D4C001AA3E4 /* InfoPlist.strings */; };
		93952FB9194D5D4C001AA3E4 /* With_v0Tests.m in Sources */ = {isa = PBXBuildFile; fileRef = 93952FB8194D5D4C001AA3E4 /* With_v0Tests.m */; };
		93952FC4194D6BEA001AA3E4 /* HomeViewController.m in Sources */ = {isa = PBXBuildFile; fileRef = 93952FC3194D6BEA001AA3E4 /* HomeViewController.m */; };
		93952FC7194D6BFC001AA3E4 /* ProfileViewController.m in Sources */ = {isa = PBXBuildFile; fileRef = 93952FC6194D6BFC001AA3E4 /* ProfileViewController.m */; };
		93952FCA194D7241001AA3E4 /* ExploreViewController.m in Sources */ = {isa = PBXBuildFile; fileRef = 93952FC9194D7241001AA3E4 /* ExploreViewController.m */; };
		93952FCD194D7318001AA3E4 /* CreateEventViewController.m in Sources */ = {isa = PBXBuildFile; fileRef = 93952FCC194D7318001AA3E4 /* CreateEventViewController.m */; };
		93952FD0194D7347001AA3E4 /* FindFriendsViewController.m in Sources */ = {isa = PBXBuildFile; fileRef = 93952FCF194D7347001AA3E4 /* FindFriendsViewController.m */; };
/* End PBXBuildFile section */

/* Begin PBXContainerItemProxy section */
		93952FB0194D5D4C001AA3E4 /* PBXContainerItemProxy */ = {
			isa = PBXContainerItemProxy;
			containerPortal = 93952F82194D5D4C001AA3E4 /* Project object */;
			proxyType = 1;
			remoteGlobalIDString = 93952F89194D5D4C001AA3E4;
			remoteInfo = With_v0;
		};
/* End PBXContainerItemProxy section */

/* Begin PBXFileReference section */
		601F5D8D1951D99A00B6D89C /* Parse.framework */ = {isa = PBXFileReference; lastKnownFileType = wrapper.framework; path = Parse.framework; sourceTree = "<group>"; };
		601F5D8F1951DD8E00B6D89C /* CommentsTableViewCell.h */ = {isa = PBXFileReference; fileEncoding = 4; lastKnownFileType = sourcecode.c.h; path = CommentsTableViewCell.h; sourceTree = "<group>"; };
		601F5D901951DD8E00B6D89C /* CommentsTableViewCell.m */ = {isa = PBXFileReference; fileEncoding = 4; lastKnownFileType = sourcecode.c.objc; path = CommentsTableViewCell.m; sourceTree = "<group>"; };
		607E90EA19565E8D006F88C8 /* IndividualEventPhoto.h */ = {isa = PBXFileReference; fileEncoding = 4; lastKnownFileType = sourcecode.c.h; path = IndividualEventPhoto.h; sourceTree = "<group>"; };
		607E90EB19565E8D006F88C8 /* IndividualEventPhoto.m */ = {isa = PBXFileReference; fileEncoding = 4; lastKnownFileType = sourcecode.c.objc; path = IndividualEventPhoto.m; sourceTree = "<group>"; };
		608B6C951950DBCF007D4503 /* LoginViewController.h */ = {isa = PBXFileReference; fileEncoding = 4; lastKnownFileType = sourcecode.c.h; path = LoginViewController.h; sourceTree = "<group>"; };
		608B6C961950DBCF007D4503 /* LoginViewController.m */ = {isa = PBXFileReference; fileEncoding = 4; lastKnownFileType = sourcecode.c.objc; path = LoginViewController.m; sourceTree = "<group>"; };
		608B6C971950DBCF007D4503 /* SignupViewController.h */ = {isa = PBXFileReference; fileEncoding = 4; lastKnownFileType = sourcecode.c.h; path = SignupViewController.h; sourceTree = "<group>"; };
		608B6C981950DBCF007D4503 /* SignupViewController.m */ = {isa = PBXFileReference; fileEncoding = 4; lastKnownFileType = sourcecode.c.objc; path = SignupViewController.m; sourceTree = "<group>"; };
		608B6C9C1950FF51007D4503 /* CommentsViewController.h */ = {isa = PBXFileReference; fileEncoding = 4; lastKnownFileType = sourcecode.c.h; path = CommentsViewController.h; sourceTree = "<group>"; };
		608B6C9D1950FF51007D4503 /* CommentsViewController.m */ = {isa = PBXFileReference; fileEncoding = 4; lastKnownFileType = sourcecode.c.objc; path = CommentsViewController.m; sourceTree = "<group>"; };
		6091D1EB195B1A68001A371E /* AddressBook.framework */ = {isa = PBXFileReference; lastKnownFileType = wrapper.framework; name = AddressBook.framework; path = System/Library/Frameworks/AddressBook.framework; sourceTree = SDKROOT; };
		6091D1EC195B1A68001A371E /* AddressBookUI.framework */ = {isa = PBXFileReference; lastKnownFileType = wrapper.framework; name = AddressBookUI.framework; path = System/Library/Frameworks/AddressBookUI.framework; sourceTree = SDKROOT; };
		6091D1EF195B2806001A371E /* PendingFriendRequestsViewController.h */ = {isa = PBXFileReference; fileEncoding = 4; lastKnownFileType = sourcecode.c.h; path = PendingFriendRequestsViewController.h; sourceTree = "<group>"; };
		6091D1F0195B2806001A371E /* PendingFriendRequestsViewController.m */ = {isa = PBXFileReference; fileEncoding = 4; lastKnownFileType = sourcecode.c.objc; path = PendingFriendRequestsViewController.m; sourceTree = "<group>"; };
		6091D1F2195B28F6001A371E /* PendingFriendRequestsCustomTableViewCell.h */ = {isa = PBXFileReference; fileEncoding = 4; lastKnownFileType = sourcecode.c.h; path = PendingFriendRequestsCustomTableViewCell.h; sourceTree = "<group>"; };
		6091D1F3195B28F6001A371E /* PendingFriendRequestsCustomTableViewCell.m */ = {isa = PBXFileReference; fileEncoding = 4; lastKnownFileType = sourcecode.c.objc; path = PendingFriendRequestsCustomTableViewCell.m; sourceTree = "<group>"; };
		60B954511959C95800AE363D /* PeopleAttendingEventViewController.h */ = {isa = PBXFileReference; fileEncoding = 4; lastKnownFileType = sourcecode.c.h; path = PeopleAttendingEventViewController.h; sourceTree = "<group>"; };
		60B954521959C95800AE363D /* PeopleAttendingEventViewController.m */ = {isa = PBXFileReference; fileEncoding = 4; lastKnownFileType = sourcecode.c.objc; path = PeopleAttendingEventViewController.m; sourceTree = "<group>"; };
		60B954541959CA9300AE363D /* PeopleAttendingTableViewCell.h */ = {isa = PBXFileReference; fileEncoding = 4; lastKnownFileType = sourcecode.c.h; path = PeopleAttendingTableViewCell.h; sourceTree = "<group>"; };
		60B954551959CA9300AE363D /* PeopleAttendingTableViewCell.m */ = {isa = PBXFileReference; fileEncoding = 4; lastKnownFileType = sourcecode.c.objc; path = PeopleAttendingTableViewCell.m; sourceTree = "<group>"; };
		60C72083194F677300ADE5DF /* ChatEventViewController.h */ = {isa = PBXFileReference; fileEncoding = 4; lastKnownFileType = sourcecode.c.h; path = ChatEventViewController.h; sourceTree = "<group>"; };
		60C72084194F677300ADE5DF /* ChatEventViewController.m */ = {isa = PBXFileReference; fileEncoding = 4; lastKnownFileType = sourcecode.c.objc; path = ChatEventViewController.m; sourceTree = "<group>"; };
		60C7208C194F689400ADE5DF /* PageViewController.h */ = {isa = PBXFileReference; fileEncoding = 4; lastKnownFileType = sourcecode.c.h; path = PageViewController.h; sourceTree = "<group>"; };
		60C7208D194F689400ADE5DF /* PageViewController.m */ = {isa = PBXFileReference; fileEncoding = 4; lastKnownFileType = sourcecode.c.objc; path = PageViewController.m; sourceTree = "<group>"; };
		60C72092194F692000ADE5DF /* StreamEventViewController.h */ = {isa = PBXFileReference; fileEncoding = 4; lastKnownFileType = sourcecode.c.h; name = StreamEventViewController.h; path = ../StreamEventViewController.h; sourceTree = "<group>"; };
		60C72093194F692000ADE5DF /* StreamEventViewController.m */ = {isa = PBXFileReference; fileEncoding = 4; lastKnownFileType = sourcecode.c.objc; name = StreamEventViewController.m; path = ../StreamEventViewController.m; sourceTree = "<group>"; };
		60C72095194FAFC200ADE5DF /* StreamTableViewCell.h */ = {isa = PBXFileReference; fileEncoding = 4; lastKnownFileType = sourcecode.c.h; path = StreamTableViewCell.h; sourceTree = "<group>"; };
		60C72096194FAFC200ADE5DF /* StreamTableViewCell.m */ = {isa = PBXFileReference; fileEncoding = 4; lastKnownFileType = sourcecode.c.objc; path = StreamTableViewCell.m; sourceTree = "<group>"; };
		60C72098194FC53500ADE5DF /* MediaPlayer.framework */ = {isa = PBXFileReference; lastKnownFileType = wrapper.framework; name = MediaPlayer.framework; path = System/Library/Frameworks/MediaPlayer.framework; sourceTree = SDKROOT; };
		60F47A9E194E2348007422E7 /* AudioToolbox.framework */ = {isa = PBXFileReference; lastKnownFileType = wrapper.framework; name = AudioToolbox.framework; path = System/Library/Frameworks/AudioToolbox.framework; sourceTree = SDKROOT; };
		60F47AA0194E234E007422E7 /* CFNetwork.framework */ = {isa = PBXFileReference; lastKnownFileType = wrapper.framework; name = CFNetwork.framework; path = System/Library/Frameworks/CFNetwork.framework; sourceTree = SDKROOT; };
		60F47AA2194E2359007422E7 /* CoreLocation.framework */ = {isa = PBXFileReference; lastKnownFileType = wrapper.framework; name = CoreLocation.framework; path = System/Library/Frameworks/CoreLocation.framework; sourceTree = SDKROOT; };
		60F47AA4194E235F007422E7 /* libz.dylib */ = {isa = PBXFileReference; lastKnownFileType = "compiled.mach-o.dylib"; name = libz.dylib; path = usr/lib/libz.dylib; sourceTree = SDKROOT; };
		60F47AA6194E2364007422E7 /* MobileCoreServices.framework */ = {isa = PBXFileReference; lastKnownFileType = wrapper.framework; name = MobileCoreServices.framework; path = System/Library/Frameworks/MobileCoreServices.framework; sourceTree = SDKROOT; };
		60F47AA8194E236A007422E7 /* QuartzCore.framework */ = {isa = PBXFileReference; lastKnownFileType = wrapper.framework; name = QuartzCore.framework; path = System/Library/Frameworks/QuartzCore.framework; sourceTree = SDKROOT; };
		60F47AAA194E236F007422E7 /* Security.framework */ = {isa = PBXFileReference; lastKnownFileType = wrapper.framework; name = Security.framework; path = System/Library/Frameworks/Security.framework; sourceTree = SDKROOT; };
		60F47AAC194E2375007422E7 /* StoreKit.framework */ = {isa = PBXFileReference; lastKnownFileType = wrapper.framework; name = StoreKit.framework; path = System/Library/Frameworks/StoreKit.framework; sourceTree = SDKROOT; };
		60F47AAE194E237C007422E7 /* SystemConfiguration.framework */ = {isa = PBXFileReference; lastKnownFileType = wrapper.framework; name = SystemConfiguration.framework; path = System/Library/Frameworks/SystemConfiguration.framework; sourceTree = SDKROOT; };
		60F47AB0194E5223007422E7 /* HomeTableViewCell.h */ = {isa = PBXFileReference; fileEncoding = 4; lastKnownFileType = sourcecode.c.h; path = HomeTableViewCell.h; sourceTree = "<group>"; };
		60F47AB1194E5223007422E7 /* HomeTableViewCell.m */ = {isa = PBXFileReference; fileEncoding = 4; lastKnownFileType = sourcecode.c.objc; path = HomeTableViewCell.m; sourceTree = "<group>"; };
		60F47AB3194E7653007422E7 /* IndividualEventViewController.h */ = {isa = PBXFileReference; fileEncoding = 4; lastKnownFileType = sourcecode.c.h; path = IndividualEventViewController.h; sourceTree = "<group>"; };
		60F47AB4194E7653007422E7 /* IndividualEventViewController.m */ = {isa = PBXFileReference; fileEncoding = 4; lastKnownFileType = sourcecode.c.objc; path = IndividualEventViewController.m; sourceTree = "<group>"; };
		60F5B33F19574C6500A80467 /* MapKit.framework */ = {isa = PBXFileReference; lastKnownFileType = wrapper.framework; name = MapKit.framework; path = System/Library/Frameworks/MapKit.framework; sourceTree = SDKROOT; };
		60F5B3441957537200A80467 /* ExploreEventAnnotationView.h */ = {isa = PBXFileReference; fileEncoding = 4; lastKnownFileType = sourcecode.c.h; path = ExploreEventAnnotationView.h; sourceTree = "<group>"; };
		60F5B3451957537200A80467 /* ExploreEventAnnotationView.m */ = {isa = PBXFileReference; fileEncoding = 4; lastKnownFileType = sourcecode.c.objc; path = ExploreEventAnnotationView.m; sourceTree = "<group>"; };
		60F5B34A1957555E00A80467 /* ExploreAnnotation.h */ = {isa = PBXFileReference; fileEncoding = 4; lastKnownFileType = sourcecode.c.h; name = ExploreAnnotation.h; path = ../ExploreAnnotation.h; sourceTree = "<group>"; };
		60F5B34B1957555E00A80467 /* ExploreAnnotation.m */ = {isa = PBXFileReference; fileEncoding = 4; lastKnownFileType = sourcecode.c.objc; name = ExploreAnnotation.m; path = ../ExploreAnnotation.m; sourceTree = "<group>"; };
		810C1EC0195605B70046DFB1 /* CustomTableViewCell.h */ = {isa = PBXFileReference; fileEncoding = 4; lastKnownFileType = sourcecode.c.h; path = CustomTableViewCell.h; sourceTree = "<group>"; };
		810C1EC1195605B70046DFB1 /* CustomTableViewCell.m */ = {isa = PBXFileReference; fileEncoding = 4; lastKnownFileType = sourcecode.c.objc; path = CustomTableViewCell.m; sourceTree = "<group>"; };
		930D1903195886DC00AE4AE1 /* GKImagePicker.h */ = {isa = PBXFileReference; fileEncoding = 4; lastKnownFileType = sourcecode.c.h; path = GKImagePicker.h; sourceTree = "<group>"; };
		930D1904195886DC00AE4AE1 /* GKImagePicker.m */ = {isa = PBXFileReference; fileEncoding = 4; lastKnownFileType = sourcecode.c.objc; path = GKImagePicker.m; sourceTree = "<group>"; };
		930D1905195886DC00AE4AE1 /* GKImageCropViewController.h */ = {isa = PBXFileReference; fileEncoding = 4; lastKnownFileType = sourcecode.c.h; path = GKImageCropViewController.h; sourceTree = "<group>"; };
		930D1906195886DC00AE4AE1 /* GKImageCropViewController.m */ = {isa = PBXFileReference; fileEncoding = 4; lastKnownFileType = sourcecode.c.objc; path = GKImageCropViewController.m; sourceTree = "<group>"; };
		930D1907195886DC00AE4AE1 /* GKImageCropView.h */ = {isa = PBXFileReference; fileEncoding = 4; lastKnownFileType = sourcecode.c.h; path = GKImageCropView.h; sourceTree = "<group>"; };
		930D1908195886DC00AE4AE1 /* GKImageCropView.m */ = {isa = PBXFileReference; fileEncoding = 4; lastKnownFileType = sourcecode.c.objc; path = GKImageCropView.m; sourceTree = "<group>"; };
		930D1909195886DC00AE4AE1 /* GKImageCropOverlayView.h */ = {isa = PBXFileReference; fileEncoding = 4; lastKnownFileType = sourcecode.c.h; path = GKImageCropOverlayView.h; sourceTree = "<group>"; };
		930D190A195886DC00AE4AE1 /* GKImageCropOverlayView.m */ = {isa = PBXFileReference; fileEncoding = 4; lastKnownFileType = sourcecode.c.objc; path = GKImageCropOverlayView.m; sourceTree = "<group>"; };
		930D190B195886DC00AE4AE1 /* GKCropBorderView.h */ = {isa = PBXFileReference; fileEncoding = 4; lastKnownFileType = sourcecode.c.h; path = GKCropBorderView.h; sourceTree = "<group>"; };
		930D190C195886DC00AE4AE1 /* GKCropBorderView.m */ = {isa = PBXFileReference; fileEncoding = 4; lastKnownFileType = sourcecode.c.objc; path = GKCropBorderView.m; sourceTree = "<group>"; };
		930D190D195886DC00AE4AE1 /* GKResizeableCropOverlayView.h */ = {isa = PBXFileReference; fileEncoding = 4; lastKnownFileType = sourcecode.c.h; path = GKResizeableCropOverlayView.h; sourceTree = "<group>"; };
		930D190E195886DC00AE4AE1 /* GKResizeableCropOverlayView.m */ = {isa = PBXFileReference; fileEncoding = 4; lastKnownFileType = sourcecode.c.objc; path = GKResizeableCropOverlayView.m; sourceTree = "<group>"; };
		930D1915195886E700AE4AE1 /* PLCameraSheetButton@2x.png */ = {isa = PBXFileReference; lastKnownFileType = image.png; path = "PLCameraSheetButton@2x.png"; sourceTree = "<group>"; };
		930D1916195886E700AE4AE1 /* PLCameraSheetButtonPressed@2x.png */ = {isa = PBXFileReference; lastKnownFileType = image.png; path = "PLCameraSheetButtonPressed@2x.png"; sourceTree = "<group>"; };
		930D1917195886E700AE4AE1 /* PLCameraSheetDoneButton@2x.png */ = {isa = PBXFileReference; lastKnownFileType = image.png; path = "PLCameraSheetDoneButton@2x.png"; sourceTree = "<group>"; };
		930D1918195886E700AE4AE1 /* PLCameraSheetDoneButtonPressed@2x.png */ = {isa = PBXFileReference; lastKnownFileType = image.png; path = "PLCameraSheetDoneButtonPressed@2x.png"; sourceTree = "<group>"; };
		930D1919195886E700AE4AE1 /* PLCameraSheetButton.png */ = {isa = PBXFileReference; lastKnownFileType = image.png; path = PLCameraSheetButton.png; sourceTree = "<group>"; };
		930D191A195886E700AE4AE1 /* PLCameraSheetButtonPressed.png */ = {isa = PBXFileReference; lastKnownFileType = image.png; path = PLCameraSheetButtonPressed.png; sourceTree = "<group>"; };
		930D191B195886E700AE4AE1 /* PLCameraSheetDoneButton.png */ = {isa = PBXFileReference; lastKnownFileType = image.png; path = PLCameraSheetDoneButton.png; sourceTree = "<group>"; };
		930D191C195886E700AE4AE1 /* PLCameraSheetDoneButtonPressed.png */ = {isa = PBXFileReference; lastKnownFileType = image.png; path = PLCameraSheetDoneButtonPressed.png; sourceTree = "<group>"; };
		93513A5F19528A9000302A54 /* ChooseEventLocationViewController.h */ = {isa = PBXFileReference; fileEncoding = 4; lastKnownFileType = sourcecode.c.h; path = ChooseEventLocationViewController.h; sourceTree = "<group>"; };
		93513A6019528A9000302A54 /* ChooseEventLocationViewController.m */ = {isa = PBXFileReference; fileEncoding = 4; lastKnownFileType = sourcecode.c.objc; path = ChooseEventLocationViewController.m; sourceTree = "<group>"; };
		93513A621952902C00302A54 /* FSVenue.h */ = {isa = PBXFileReference; fileEncoding = 4; lastKnownFileType = sourcecode.c.h; path = FSVenue.h; sourceTree = "<group>"; };
		93513A631952902C00302A54 /* FSVenue.m */ = {isa = PBXFileReference; fileEncoding = 4; lastKnownFileType = sourcecode.c.objc; path = FSVenue.m; sourceTree = "<group>"; };
		9375544519509CAA008AAD45 /* InvitesViewController.h */ = {isa = PBXFileReference; fileEncoding = 4; lastKnownFileType = sourcecode.c.h; path = InvitesViewController.h; sourceTree = "<group>"; };
		9375544619509CAA008AAD45 /* InvitesViewController.m */ = {isa = PBXFileReference; fileEncoding = 4; lastKnownFileType = sourcecode.c.objc; path = InvitesViewController.m; sourceTree = "<group>"; };
		937554481950A5BF008AAD45 /* FindFriendsTableViewCell.h */ = {isa = PBXFileReference; fileEncoding = 4; lastKnownFileType = sourcecode.c.h; path = FindFriendsTableViewCell.h; sourceTree = "<group>"; };
		937554491950A5BF008AAD45 /* FindFriendsTableViewCell.m */ = {isa = PBXFileReference; fileEncoding = 4; lastKnownFileType = sourcecode.c.objc; path = FindFriendsTableViewCell.m; sourceTree = "<group>"; };
		9375544B1950B883008AAD45 /* EditProfileViewController.h */ = {isa = PBXFileReference; fileEncoding = 4; lastKnownFileType = sourcecode.c.h; path = EditProfileViewController.h; sourceTree = "<group>"; };
		9375544C1950B883008AAD45 /* EditProfileViewController.m */ = {isa = PBXFileReference; fileEncoding = 4; lastKnownFileType = sourcecode.c.objc; path = EditProfileViewController.m; sourceTree = "<group>"; };
		93802207195659A0004B492D /* DateAndTimeViewController.h */ = {isa = PBXFileReference; fileEncoding = 4; lastKnownFileType = sourcecode.c.h; path = DateAndTimeViewController.h; sourceTree = "<group>"; };
		93802208195659A0004B492D /* DateAndTimeViewController.m */ = {isa = PBXFileReference; fileEncoding = 4; lastKnownFileType = sourcecode.c.objc; path = DateAndTimeViewController.m; sourceTree = "<group>"; };
		9391EEC3195BD25C00554584 /* CoreImage.framework */ = {isa = PBXFileReference; lastKnownFileType = wrapper.framework; name = CoreImage.framework; path = System/Library/Frameworks/CoreImage.framework; sourceTree = SDKROOT; };
		93952F8A194D5D4C001AA3E4 /* With_v0.app */ = {isa = PBXFileReference; explicitFileType = wrapper.application; includeInIndex = 0; path = With_v0.app; sourceTree = BUILT_PRODUCTS_DIR; };
		93952F8D194D5D4C001AA3E4 /* Foundation.framework */ = {isa = PBXFileReference; lastKnownFileType = wrapper.framework; name = Foundation.framework; path = System/Library/Frameworks/Foundation.framework; sourceTree = SDKROOT; };
		93952F8F194D5D4C001AA3E4 /* CoreGraphics.framework */ = {isa = PBXFileReference; lastKnownFileType = wrapper.framework; name = CoreGraphics.framework; path = System/Library/Frameworks/CoreGraphics.framework; sourceTree = SDKROOT; };
		93952F91194D5D4C001AA3E4 /* UIKit.framework */ = {isa = PBXFileReference; lastKnownFileType = wrapper.framework; name = UIKit.framework; path = System/Library/Frameworks/UIKit.framework; sourceTree = SDKROOT; };
		93952F95194D5D4C001AA3E4 /* With_v0-Info.plist */ = {isa = PBXFileReference; lastKnownFileType = text.plist.xml; path = "With_v0-Info.plist"; sourceTree = "<group>"; };
		93952F97194D5D4C001AA3E4 /* en */ = {isa = PBXFileReference; lastKnownFileType = text.plist.strings; name = en; path = en.lproj/InfoPlist.strings; sourceTree = "<group>"; };
		93952F99194D5D4C001AA3E4 /* main.m */ = {isa = PBXFileReference; lastKnownFileType = sourcecode.c.objc; path = main.m; sourceTree = "<group>"; };
		93952F9B194D5D4C001AA3E4 /* With_v0-Prefix.pch */ = {isa = PBXFileReference; lastKnownFileType = sourcecode.c.h; path = "With_v0-Prefix.pch"; sourceTree = "<group>"; };
		93952F9C194D5D4C001AA3E4 /* AppDelegate.h */ = {isa = PBXFileReference; lastKnownFileType = sourcecode.c.h; path = AppDelegate.h; sourceTree = "<group>"; };
		93952F9D194D5D4C001AA3E4 /* AppDelegate.m */ = {isa = PBXFileReference; lastKnownFileType = sourcecode.c.objc; path = AppDelegate.m; sourceTree = "<group>"; };
		93952FA0194D5D4C001AA3E4 /* Base */ = {isa = PBXFileReference; lastKnownFileType = file.storyboard; name = Base; path = Base.lproj/Main.storyboard; sourceTree = "<group>"; };
		93952FA5194D5D4C001AA3E4 /* Images.xcassets */ = {isa = PBXFileReference; lastKnownFileType = folder.assetcatalog; path = Images.xcassets; sourceTree = "<group>"; };
		93952FAB194D5D4C001AA3E4 /* With_v0Tests.xctest */ = {isa = PBXFileReference; explicitFileType = wrapper.cfbundle; includeInIndex = 0; path = With_v0Tests.xctest; sourceTree = BUILT_PRODUCTS_DIR; };
		93952FAC194D5D4C001AA3E4 /* XCTest.framework */ = {isa = PBXFileReference; lastKnownFileType = wrapper.framework; name = XCTest.framework; path = Library/Frameworks/XCTest.framework; sourceTree = DEVELOPER_DIR; };
		93952FB4194D5D4C001AA3E4 /* With_v0Tests-Info.plist */ = {isa = PBXFileReference; lastKnownFileType = text.plist.xml; path = "With_v0Tests-Info.plist"; sourceTree = "<group>"; };
		93952FB6194D5D4C001AA3E4 /* en */ = {isa = PBXFileReference; lastKnownFileType = text.plist.strings; name = en; path = en.lproj/InfoPlist.strings; sourceTree = "<group>"; };
		93952FB8194D5D4C001AA3E4 /* With_v0Tests.m */ = {isa = PBXFileReference; lastKnownFileType = sourcecode.c.objc; path = With_v0Tests.m; sourceTree = "<group>"; };
		93952FC2194D6BEA001AA3E4 /* HomeViewController.h */ = {isa = PBXFileReference; fileEncoding = 4; lastKnownFileType = sourcecode.c.h; path = HomeViewController.h; sourceTree = "<group>"; };
		93952FC3194D6BEA001AA3E4 /* HomeViewController.m */ = {isa = PBXFileReference; fileEncoding = 4; lastKnownFileType = sourcecode.c.objc; path = HomeViewController.m; sourceTree = "<group>"; };
		93952FC5194D6BFC001AA3E4 /* ProfileViewController.h */ = {isa = PBXFileReference; fileEncoding = 4; lastKnownFileType = sourcecode.c.h; path = ProfileViewController.h; sourceTree = "<group>"; };
		93952FC6194D6BFC001AA3E4 /* ProfileViewController.m */ = {isa = PBXFileReference; fileEncoding = 4; lastKnownFileType = sourcecode.c.objc; path = ProfileViewController.m; sourceTree = "<group>"; };
		93952FC8194D7241001AA3E4 /* ExploreViewController.h */ = {isa = PBXFileReference; fileEncoding = 4; lastKnownFileType = sourcecode.c.h; path = ExploreViewController.h; sourceTree = "<group>"; };
		93952FC9194D7241001AA3E4 /* ExploreViewController.m */ = {isa = PBXFileReference; fileEncoding = 4; lastKnownFileType = sourcecode.c.objc; path = ExploreViewController.m; sourceTree = "<group>"; };
		93952FCB194D7318001AA3E4 /* CreateEventViewController.h */ = {isa = PBXFileReference; fileEncoding = 4; lastKnownFileType = sourcecode.c.h; path = CreateEventViewController.h; sourceTree = "<group>"; };
		93952FCC194D7318001AA3E4 /* CreateEventViewController.m */ = {isa = PBXFileReference; fileEncoding = 4; lastKnownFileType = sourcecode.c.objc; path = CreateEventViewController.m; sourceTree = "<group>"; };
		93952FCE194D7347001AA3E4 /* FindFriendsViewController.h */ = {isa = PBXFileReference; fileEncoding = 4; lastKnownFileType = sourcecode.c.h; path = FindFriendsViewController.h; sourceTree = "<group>"; };
		93952FCF194D7347001AA3E4 /* FindFriendsViewController.m */ = {isa = PBXFileReference; fileEncoding = 4; lastKnownFileType = sourcecode.c.objc; path = FindFriendsViewController.m; sourceTree = "<group>"; };
/* End PBXFileReference section */

/* Begin PBXFrameworksBuildPhase section */
		93952F87194D5D4C001AA3E4 /* Frameworks */ = {
			isa = PBXFrameworksBuildPhase;
			buildActionMask = 2147483647;
			files = (
				9391EEC4195BD25C00554584 /* CoreImage.framework in Frameworks */,
				6091D1ED195B1A68001A371E /* AddressBook.framework in Frameworks */,
				6091D1EE195B1A68001A371E /* AddressBookUI.framework in Frameworks */,
				60F5B34019574C6500A80467 /* MapKit.framework in Frameworks */,
				60F47AA7194E2364007422E7 /* MobileCoreServices.framework in Frameworks */,
				60C72099194FC53500ADE5DF /* MediaPlayer.framework in Frameworks */,
				60F47AAF194E237C007422E7 /* SystemConfiguration.framework in Frameworks */,
				60F47AAD194E2375007422E7 /* StoreKit.framework in Frameworks */,
				60F47AAB194E2370007422E7 /* Security.framework in Frameworks */,
				60F47AA9194E236A007422E7 /* QuartzCore.framework in Frameworks */,
				60F47AA5194E235F007422E7 /* libz.dylib in Frameworks */,
				60F47AA3194E2359007422E7 /* CoreLocation.framework in Frameworks */,
				93952F90194D5D4C001AA3E4 /* CoreGraphics.framework in Frameworks */,
				60F47AA1194E234E007422E7 /* CFNetwork.framework in Frameworks */,
				601F5D8E1951D99A00B6D89C /* Parse.framework in Frameworks */,
				60F47A9F194E2348007422E7 /* AudioToolbox.framework in Frameworks */,
				93952F92194D5D4C001AA3E4 /* UIKit.framework in Frameworks */,
				93952F8E194D5D4C001AA3E4 /* Foundation.framework in Frameworks */,
			);
			runOnlyForDeploymentPostprocessing = 0;
		};
		93952FA8194D5D4C001AA3E4 /* Frameworks */ = {
			isa = PBXFrameworksBuildPhase;
			buildActionMask = 2147483647;
			files = (
				93952FAD194D5D4C001AA3E4 /* XCTest.framework in Frameworks */,
				93952FAF194D5D4C001AA3E4 /* UIKit.framework in Frameworks */,
				93952FAE194D5D4C001AA3E4 /* Foundation.framework in Frameworks */,
			);
			runOnlyForDeploymentPostprocessing = 0;
		};
/* End PBXFrameworksBuildPhase section */

/* Begin PBXGroup section */
		608B6C9B1950DE61007D4503 /* Login and SignUp */ = {
			isa = PBXGroup;
			children = (
				608B6C951950DBCF007D4503 /* LoginViewController.h */,
				608B6C961950DBCF007D4503 /* LoginViewController.m */,
				608B6C971950DBCF007D4503 /* SignupViewController.h */,
				608B6C981950DBCF007D4503 /* SignupViewController.m */,
			);
			name = "Login and SignUp";
			sourceTree = "<group>";
		};
		810C1EBD1956058A0046DFB1 /* ChatFolder */ = {
			isa = PBXGroup;
			children = (
				810C1EC0195605B70046DFB1 /* CustomTableViewCell.h */,
				810C1EC1195605B70046DFB1 /* CustomTableViewCell.m */,
				60C72083194F677300ADE5DF /* ChatEventViewController.h */,
				60C72084194F677300ADE5DF /* ChatEventViewController.m */,
			);
			name = ChatFolder;
			sourceTree = "<group>";
		};
		930D1901195886BE00AE4AE1 /* GK Classes */ = {
			isa = PBXGroup;
			children = (
				930D1902195886CC00AE4AE1 /* images */,
				930D1903195886DC00AE4AE1 /* GKImagePicker.h */,
				930D1904195886DC00AE4AE1 /* GKImagePicker.m */,
				930D1905195886DC00AE4AE1 /* GKImageCropViewController.h */,
				930D1906195886DC00AE4AE1 /* GKImageCropViewController.m */,
				930D1907195886DC00AE4AE1 /* GKImageCropView.h */,
				930D1908195886DC00AE4AE1 /* GKImageCropView.m */,
				930D1909195886DC00AE4AE1 /* GKImageCropOverlayView.h */,
				930D190A195886DC00AE4AE1 /* GKImageCropOverlayView.m */,
				930D190B195886DC00AE4AE1 /* GKCropBorderView.h */,
				930D190C195886DC00AE4AE1 /* GKCropBorderView.m */,
				930D190D195886DC00AE4AE1 /* GKResizeableCropOverlayView.h */,
				930D190E195886DC00AE4AE1 /* GKResizeableCropOverlayView.m */,
			);
			name = "GK Classes";
			sourceTree = "<group>";
		};
		930D1902195886CC00AE4AE1 /* images */ = {
			isa = PBXGroup;
			children = (
				930D1915195886E700AE4AE1 /* PLCameraSheetButton@2x.png */,
				930D1916195886E700AE4AE1 /* PLCameraSheetButtonPressed@2x.png */,
				930D1917195886E700AE4AE1 /* PLCameraSheetDoneButton@2x.png */,
				930D1918195886E700AE4AE1 /* PLCameraSheetDoneButtonPressed@2x.png */,
				930D1919195886E700AE4AE1 /* PLCameraSheetButton.png */,
				930D191A195886E700AE4AE1 /* PLCameraSheetButtonPressed.png */,
				930D191B195886E700AE4AE1 /* PLCameraSheetDoneButton.png */,
				930D191C195886E700AE4AE1 /* PLCameraSheetDoneButtonPressed.png */,
			);
			name = images;
			sourceTree = "<group>";
		};
		93952F81194D5D4C001AA3E4 = {
			isa = PBXGroup;
			children = (
				93952F93194D5D4C001AA3E4 /* With_v0 */,
				93952FB2194D5D4C001AA3E4 /* With_v0Tests */,
				93952F8C194D5D4C001AA3E4 /* Frameworks */,
				93952F8B194D5D4C001AA3E4 /* Products */,
			);
			sourceTree = "<group>";
		};
		93952F8B194D5D4C001AA3E4 /* Products */ = {
			isa = PBXGroup;
			children = (
				93952F8A194D5D4C001AA3E4 /* With_v0.app */,
				93952FAB194D5D4C001AA3E4 /* With_v0Tests.xctest */,
			);
			name = Products;
			sourceTree = "<group>";
		};
		93952F8C194D5D4C001AA3E4 /* Frameworks */ = {
			isa = PBXGroup;
			children = (
				9391EEC3195BD25C00554584 /* CoreImage.framework */,
				6091D1EB195B1A68001A371E /* AddressBook.framework */,
				6091D1EC195B1A68001A371E /* AddressBookUI.framework */,
				60F5B33F19574C6500A80467 /* MapKit.framework */,
				601F5D8D1951D99A00B6D89C /* Parse.framework */,
				60C72098194FC53500ADE5DF /* MediaPlayer.framework */,
				60F47AAE194E237C007422E7 /* SystemConfiguration.framework */,
				60F47AAC194E2375007422E7 /* StoreKit.framework */,
				60F47AAA194E236F007422E7 /* Security.framework */,
				60F47AA8194E236A007422E7 /* QuartzCore.framework */,
				60F47AA6194E2364007422E7 /* MobileCoreServices.framework */,
				60F47AA4194E235F007422E7 /* libz.dylib */,
				60F47AA2194E2359007422E7 /* CoreLocation.framework */,
				60F47AA0194E234E007422E7 /* CFNetwork.framework */,
				60F47A9E194E2348007422E7 /* AudioToolbox.framework */,
				93952F8D194D5D4C001AA3E4 /* Foundation.framework */,
				93952F8F194D5D4C001AA3E4 /* CoreGraphics.framework */,
				93952F91194D5D4C001AA3E4 /* UIKit.framework */,
				93952FAC194D5D4C001AA3E4 /* XCTest.framework */,
			);
			name = Frameworks;
			sourceTree = "<group>";
		};
		93952F93194D5D4C001AA3E4 /* With_v0 */ = {
			isa = PBXGroup;
			children = (
				810C1EBD1956058A0046DFB1 /* ChatFolder */,
				93952F9C194D5D4C001AA3E4 /* AppDelegate.h */,
				93952F9D194D5D4C001AA3E4 /* AppDelegate.m */,
				93952F9F194D5D4C001AA3E4 /* Main.storyboard */,
				60C7208C194F689400ADE5DF /* PageViewController.h */,
				60C7208D194F689400ADE5DF /* PageViewController.m */,
				60C72095194FAFC200ADE5DF /* StreamTableViewCell.h */,
				60C72096194FAFC200ADE5DF /* StreamTableViewCell.m */,
				60C72092194F692000ADE5DF /* StreamEventViewController.h */,
				60C72093194F692000ADE5DF /* StreamEventViewController.m */,
				607E90EA19565E8D006F88C8 /* IndividualEventPhoto.h */,
				607E90EB19565E8D006F88C8 /* IndividualEventPhoto.m */,
				608B6C9C1950FF51007D4503 /* CommentsViewController.h */,
				608B6C9D1950FF51007D4503 /* CommentsViewController.m */,
				601F5D8F1951DD8E00B6D89C /* CommentsTableViewCell.h */,
				601F5D901951DD8E00B6D89C /* CommentsTableViewCell.m */,
				60F47AB0194E5223007422E7 /* HomeTableViewCell.h */,
				60F47AB1194E5223007422E7 /* HomeTableViewCell.m */,
				93952FC2194D6BEA001AA3E4 /* HomeViewController.h */,
				93952FC3194D6BEA001AA3E4 /* HomeViewController.m */,
				60F47AB3194E7653007422E7 /* IndividualEventViewController.h */,
				60F47AB4194E7653007422E7 /* IndividualEventViewController.m */,
				60B954511959C95800AE363D /* PeopleAttendingEventViewController.h */,
				60B954521959C95800AE363D /* PeopleAttendingEventViewController.m */,
				60B954541959CA9300AE363D /* PeopleAttendingTableViewCell.h */,
				60B954551959CA9300AE363D /* PeopleAttendingTableViewCell.m */,
				93952FC8194D7241001AA3E4 /* ExploreViewController.h */,
				93952FC9194D7241001AA3E4 /* ExploreViewController.m */,
				60F5B34A1957555E00A80467 /* ExploreAnnotation.h */,
				60F5B34B1957555E00A80467 /* ExploreAnnotation.m */,
				60F5B3441957537200A80467 /* ExploreEventAnnotationView.h */,
				60F5B3451957537200A80467 /* ExploreEventAnnotationView.m */,
				930D1901195886BE00AE4AE1 /* GK Classes */,
				93952FCB194D7318001AA3E4 /* CreateEventViewController.h */,
				93952FCC194D7318001AA3E4 /* CreateEventViewController.m */,
				93513A5F19528A9000302A54 /* ChooseEventLocationViewController.h */,
				93513A6019528A9000302A54 /* ChooseEventLocationViewController.m */,
				93802207195659A0004B492D /* DateAndTimeViewController.h */,
				93802208195659A0004B492D /* DateAndTimeViewController.m */,
				93513A621952902C00302A54 /* FSVenue.h */,
				93513A631952902C00302A54 /* FSVenue.m */,
				93952FCE194D7347001AA3E4 /* FindFriendsViewController.h */,
				93952FCF194D7347001AA3E4 /* FindFriendsViewController.m */,
				937554481950A5BF008AAD45 /* FindFriendsTableViewCell.h */,
				937554491950A5BF008AAD45 /* FindFriendsTableViewCell.m */,
				93952FC5194D6BFC001AA3E4 /* ProfileViewController.h */,
				93952FC6194D6BFC001AA3E4 /* ProfileViewController.m */,
				6091D1F2195B28F6001A371E /* PendingFriendRequestsCustomTableViewCell.h */,
				6091D1F3195B28F6001A371E /* PendingFriendRequestsCustomTableViewCell.m */,
				6091D1EF195B2806001A371E /* PendingFriendRequestsViewController.h */,
				6091D1F0195B2806001A371E /* PendingFriendRequestsViewController.m */,
				9375544B1950B883008AAD45 /* EditProfileViewController.h */,
				9375544C1950B883008AAD45 /* EditProfileViewController.m */,
				9375544519509CAA008AAD45 /* InvitesViewController.h */,
				9375544619509CAA008AAD45 /* InvitesViewController.m */,
				608B6C9B1950DE61007D4503 /* Login and SignUp */,
				93952FA5194D5D4C001AA3E4 /* Images.xcassets */,
				93952F94194D5D4C001AA3E4 /* Supporting Files */,
			);
			path = With_v0;
			sourceTree = "<group>";
		};
		93952F94194D5D4C001AA3E4 /* Supporting Files */ = {
			isa = PBXGroup;
			children = (
				93952F95194D5D4C001AA3E4 /* With_v0-Info.plist */,
				93952F96194D5D4C001AA3E4 /* InfoPlist.strings */,
				93952F99194D5D4C001AA3E4 /* main.m */,
				93952F9B194D5D4C001AA3E4 /* With_v0-Prefix.pch */,
			);
			name = "Supporting Files";
			sourceTree = "<group>";
		};
		93952FB2194D5D4C001AA3E4 /* With_v0Tests */ = {
			isa = PBXGroup;
			children = (
				93952FB8194D5D4C001AA3E4 /* With_v0Tests.m */,
				93952FB3194D5D4C001AA3E4 /* Supporting Files */,
			);
			path = With_v0Tests;
			sourceTree = "<group>";
		};
		93952FB3194D5D4C001AA3E4 /* Supporting Files */ = {
			isa = PBXGroup;
			children = (
				93952FB4194D5D4C001AA3E4 /* With_v0Tests-Info.plist */,
				93952FB5194D5D4C001AA3E4 /* InfoPlist.strings */,
			);
			name = "Supporting Files";
			sourceTree = "<group>";
		};
/* End PBXGroup section */

/* Begin PBXNativeTarget section */
		93952F89194D5D4C001AA3E4 /* With_v0 */ = {
			isa = PBXNativeTarget;
			buildConfigurationList = 93952FBC194D5D4C001AA3E4 /* Build configuration list for PBXNativeTarget "With_v0" */;
			buildPhases = (
				93952F86194D5D4C001AA3E4 /* Sources */,
				93952F87194D5D4C001AA3E4 /* Frameworks */,
				93952F88194D5D4C001AA3E4 /* Resources */,
			);
			buildRules = (
			);
			dependencies = (
			);
			name = With_v0;
			productName = With_v0;
			productReference = 93952F8A194D5D4C001AA3E4 /* With_v0.app */;
			productType = "com.apple.product-type.application";
		};
		93952FAA194D5D4C001AA3E4 /* With_v0Tests */ = {
			isa = PBXNativeTarget;
			buildConfigurationList = 93952FBF194D5D4C001AA3E4 /* Build configuration list for PBXNativeTarget "With_v0Tests" */;
			buildPhases = (
				93952FA7194D5D4C001AA3E4 /* Sources */,
				93952FA8194D5D4C001AA3E4 /* Frameworks */,
				93952FA9194D5D4C001AA3E4 /* Resources */,
			);
			buildRules = (
			);
			dependencies = (
				93952FB1194D5D4C001AA3E4 /* PBXTargetDependency */,
			);
			name = With_v0Tests;
			productName = With_v0Tests;
			productReference = 93952FAB194D5D4C001AA3E4 /* With_v0Tests.xctest */;
			productType = "com.apple.product-type.bundle.unit-test";
		};
/* End PBXNativeTarget section */

/* Begin PBXProject section */
		93952F82194D5D4C001AA3E4 /* Project object */ = {
			isa = PBXProject;
			attributes = {
				LastUpgradeCheck = 0510;
				ORGANIZATIONNAME = "Mobile Makers";
				TargetAttributes = {
					93952F89194D5D4C001AA3E4 = {
						DevelopmentTeam = ZNAFR9K9ZC;
					};
					93952FAA194D5D4C001AA3E4 = {
						TestTargetID = 93952F89194D5D4C001AA3E4;
					};
				};
			};
			buildConfigurationList = 93952F85194D5D4C001AA3E4 /* Build configuration list for PBXProject "With_v0" */;
			compatibilityVersion = "Xcode 3.2";
			developmentRegion = English;
			hasScannedForEncodings = 0;
			knownRegions = (
				en,
				Base,
			);
			mainGroup = 93952F81194D5D4C001AA3E4;
			productRefGroup = 93952F8B194D5D4C001AA3E4 /* Products */;
			projectDirPath = "";
			projectRoot = "";
			targets = (
				93952F89194D5D4C001AA3E4 /* With_v0 */,
				93952FAA194D5D4C001AA3E4 /* With_v0Tests */,
			);
		};
/* End PBXProject section */

/* Begin PBXResourcesBuildPhase section */
		93952F88194D5D4C001AA3E4 /* Resources */ = {
			isa = PBXResourcesBuildPhase;
			buildActionMask = 2147483647;
			files = (
				93952FA6194D5D4C001AA3E4 /* Images.xcassets in Resources */,
				930D191F195886E700AE4AE1 /* PLCameraSheetDoneButton@2x.png in Resources */,
				930D191D195886E700AE4AE1 /* PLCameraSheetButton@2x.png in Resources */,
				930D191E195886E700AE4AE1 /* PLCameraSheetButtonPressed@2x.png in Resources */,
				930D1924195886E700AE4AE1 /* PLCameraSheetDoneButtonPressed.png in Resources */,
				930D1921195886E700AE4AE1 /* PLCameraSheetButton.png in Resources */,
				93952F98194D5D4C001AA3E4 /* InfoPlist.strings in Resources */,
				930D1920195886E700AE4AE1 /* PLCameraSheetDoneButtonPressed@2x.png in Resources */,
				93952FA1194D5D4C001AA3E4 /* Main.storyboard in Resources */,
				930D1923195886E700AE4AE1 /* PLCameraSheetDoneButton.png in Resources */,
				930D1922195886E700AE4AE1 /* PLCameraSheetButtonPressed.png in Resources */,
			);
			runOnlyForDeploymentPostprocessing = 0;
		};
		93952FA9194D5D4C001AA3E4 /* Resources */ = {
			isa = PBXResourcesBuildPhase;
			buildActionMask = 2147483647;
			files = (
				93952FB7194D5D4C001AA3E4 /* InfoPlist.strings in Resources */,
			);
			runOnlyForDeploymentPostprocessing = 0;
		};
/* End PBXResourcesBuildPhase section */

/* Begin PBXSourcesBuildPhase section */
		93952F86194D5D4C001AA3E4 /* Sources */ = {
			isa = PBXSourcesBuildPhase;
			buildActionMask = 2147483647;
			files = (
				930D1910195886DC00AE4AE1 /* GKImageCropViewController.m in Sources */,
				93952FD0194D7347001AA3E4 /* FindFriendsViewController.m in Sources */,
				60F47AB5194E7653007422E7 /* IndividualEventViewController.m in Sources */,
				93952FCA194D7241001AA3E4 /* ExploreViewController.m in Sources */,
				6091D1F1195B2806001A371E /* PendingFriendRequestsViewController.m in Sources */,
				60C72085194F677300ADE5DF /* ChatEventViewController.m in Sources */,
				608B6C991950DBCF007D4503 /* LoginViewController.m in Sources */,
				930D190F195886DC00AE4AE1 /* GKImagePicker.m in Sources */,
				930D1914195886DC00AE4AE1 /* GKResizeableCropOverlayView.m in Sources */,
				60B954561959CA9300AE363D /* PeopleAttendingTableViewCell.m in Sources */,
				60F47AB2194E5223007422E7 /* HomeTableViewCell.m in Sources */,
				607E90EC19565E8D006F88C8 /* IndividualEventPhoto.m in Sources */,
				93513A6119528A9000302A54 /* ChooseEventLocationViewController.m in Sources */,
				60F5B3461957537200A80467 /* ExploreEventAnnotationView.m in Sources */,
				93952FCD194D7318001AA3E4 /* CreateEventViewController.m in Sources */,
				60B954531959C95900AE363D /* PeopleAttendingEventViewController.m in Sources */,
				930D1913195886DC00AE4AE1 /* GKCropBorderView.m in Sources */,
				6091D1F4195B28F6001A371E /* PendingFriendRequestsCustomTableViewCell.m in Sources */,
				60C72097194FAFC200ADE5DF /* StreamTableViewCell.m in Sources */,
				608B6C9E1950FF51007D4503 /* CommentsViewController.m in Sources */,
				9375544A1950A5BF008AAD45 /* FindFriendsTableViewCell.m in Sources */,
				93952F9E194D5D4C001AA3E4 /* AppDelegate.m in Sources */,
				93513A641952902C00302A54 /* FSVenue.m in Sources */,
				608B6C9A1950DBCF007D4503 /* SignupViewController.m in Sources */,
				810C1EC3195605B70046DFB1 /* CustomTableViewCell.m in Sources */,
				60C72094194F692000ADE5DF /* StreamEventViewController.m in Sources */,
				93952F9A194D5D4C001AA3E4 /* main.m in Sources */,
				93952FC7194D6BFC001AA3E4 /* ProfileViewController.m in Sources */,
				930D1912195886DC00AE4AE1 /* GKImageCropOverlayView.m in Sources */,
				601F5D911951DD8E00B6D89C /* CommentsTableViewCell.m in Sources */,
				9375544D1950B883008AAD45 /* EditProfileViewController.m in Sources */,
				930D1911195886DC00AE4AE1 /* GKImageCropView.m in Sources */,
				93952FC4194D6BEA001AA3E4 /* HomeViewController.m in Sources */,
				60F5B34C1957555E00A80467 /* ExploreAnnotation.m in Sources */,
				93802209195659A0004B492D /* DateAndTimeViewController.m in Sources */,
				60C7208E194F689400ADE5DF /* PageViewController.m in Sources */,
				9375544719509CAA008AAD45 /* InvitesViewController.m in Sources */,
			);
			runOnlyForDeploymentPostprocessing = 0;
		};
		93952FA7194D5D4C001AA3E4 /* Sources */ = {
			isa = PBXSourcesBuildPhase;
			buildActionMask = 2147483647;
			files = (
				93952FB9194D5D4C001AA3E4 /* With_v0Tests.m in Sources */,
			);
			runOnlyForDeploymentPostprocessing = 0;
		};
/* End PBXSourcesBuildPhase section */

/* Begin PBXTargetDependency section */
		93952FB1194D5D4C001AA3E4 /* PBXTargetDependency */ = {
			isa = PBXTargetDependency;
			target = 93952F89194D5D4C001AA3E4 /* With_v0 */;
			targetProxy = 93952FB0194D5D4C001AA3E4 /* PBXContainerItemProxy */;
		};
/* End PBXTargetDependency section */

/* Begin PBXVariantGroup section */
		93952F96194D5D4C001AA3E4 /* InfoPlist.strings */ = {
			isa = PBXVariantGroup;
			children = (
				93952F97194D5D4C001AA3E4 /* en */,
			);
			name = InfoPlist.strings;
			sourceTree = "<group>";
		};
		93952F9F194D5D4C001AA3E4 /* Main.storyboard */ = {
			isa = PBXVariantGroup;
			children = (
				93952FA0194D5D4C001AA3E4 /* Base */,
			);
			name = Main.storyboard;
			sourceTree = "<group>";
		};
		93952FB5194D5D4C001AA3E4 /* InfoPlist.strings */ = {
			isa = PBXVariantGroup;
			children = (
				93952FB6194D5D4C001AA3E4 /* en */,
			);
			name = InfoPlist.strings;
			sourceTree = "<group>";
		};
/* End PBXVariantGroup section */

/* Begin XCBuildConfiguration section */
		93952FBA194D5D4C001AA3E4 /* Debug */ = {
			isa = XCBuildConfiguration;
			buildSettings = {
				ALWAYS_SEARCH_USER_PATHS = NO;
				CLANG_CXX_LANGUAGE_STANDARD = "gnu++0x";
				CLANG_CXX_LIBRARY = "libc++";
				CLANG_ENABLE_MODULES = YES;
				CLANG_ENABLE_OBJC_ARC = YES;
				CLANG_WARN_BOOL_CONVERSION = YES;
				CLANG_WARN_CONSTANT_CONVERSION = YES;
				CLANG_WARN_DIRECT_OBJC_ISA_USAGE = YES_ERROR;
				CLANG_WARN_EMPTY_BODY = YES;
				CLANG_WARN_ENUM_CONVERSION = YES;
				CLANG_WARN_INT_CONVERSION = YES;
				CLANG_WARN_OBJC_ROOT_CLASS = YES_ERROR;
				CLANG_WARN__DUPLICATE_METHOD_MATCH = YES;
				CODE_SIGN_IDENTITY = "Apple Development IOS Push Services: com.With-v0";
				"CODE_SIGN_IDENTITY[sdk=iphoneos*]" = "Apple Development IOS Push Services: com.With-v0";
				COPY_PHASE_STRIP = NO;
				GCC_C_LANGUAGE_STANDARD = gnu99;
				GCC_DYNAMIC_NO_PIC = NO;
				GCC_OPTIMIZATION_LEVEL = 0;
				GCC_PREPROCESSOR_DEFINITIONS = (
					"DEBUG=1",
					"$(inherited)",
				);
				GCC_SYMBOLS_PRIVATE_EXTERN = NO;
				GCC_WARN_64_TO_32_BIT_CONVERSION = YES;
				GCC_WARN_ABOUT_RETURN_TYPE = YES_ERROR;
				GCC_WARN_UNDECLARED_SELECTOR = YES;
				GCC_WARN_UNINITIALIZED_AUTOS = YES_AGGRESSIVE;
				GCC_WARN_UNUSED_FUNCTION = YES;
				GCC_WARN_UNUSED_VARIABLE = YES;
				IPHONEOS_DEPLOYMENT_TARGET = 7.1;
				ONLY_ACTIVE_ARCH = YES;
				PROVISIONING_PROFILE = "9EFAA747-F932-4C8D-A683-09ACC154B6E1";
				SDKROOT = iphoneos;
			};
			name = Debug;
		};
		93952FBB194D5D4C001AA3E4 /* Release */ = {
			isa = XCBuildConfiguration;
			buildSettings = {
				ALWAYS_SEARCH_USER_PATHS = NO;
				CLANG_CXX_LANGUAGE_STANDARD = "gnu++0x";
				CLANG_CXX_LIBRARY = "libc++";
				CLANG_ENABLE_MODULES = YES;
				CLANG_ENABLE_OBJC_ARC = YES;
				CLANG_WARN_BOOL_CONVERSION = YES;
				CLANG_WARN_CONSTANT_CONVERSION = YES;
				CLANG_WARN_DIRECT_OBJC_ISA_USAGE = YES_ERROR;
				CLANG_WARN_EMPTY_BODY = YES;
				CLANG_WARN_ENUM_CONVERSION = YES;
				CLANG_WARN_INT_CONVERSION = YES;
				CLANG_WARN_OBJC_ROOT_CLASS = YES_ERROR;
				CLANG_WARN__DUPLICATE_METHOD_MATCH = YES;
				CODE_SIGN_IDENTITY = "Apple Development IOS Push Services: com.With-v0";
				"CODE_SIGN_IDENTITY[sdk=iphoneos*]" = "Apple Development IOS Push Services: com.With-v0";
				COPY_PHASE_STRIP = YES;
				ENABLE_NS_ASSERTIONS = NO;
				GCC_C_LANGUAGE_STANDARD = gnu99;
				GCC_WARN_64_TO_32_BIT_CONVERSION = YES;
				GCC_WARN_ABOUT_RETURN_TYPE = YES_ERROR;
				GCC_WARN_UNDECLARED_SELECTOR = YES;
				GCC_WARN_UNINITIALIZED_AUTOS = YES_AGGRESSIVE;
				GCC_WARN_UNUSED_FUNCTION = YES;
				GCC_WARN_UNUSED_VARIABLE = YES;
				IPHONEOS_DEPLOYMENT_TARGET = 7.1;
				PROVISIONING_PROFILE = "9EFAA747-F932-4C8D-A683-09ACC154B6E1";
				SDKROOT = iphoneos;
				VALIDATE_PRODUCT = YES;
			};
			name = Release;
		};
		93952FBD194D5D4C001AA3E4 /* Debug */ = {
			isa = XCBuildConfiguration;
			buildSettings = {
				ASSETCATALOG_COMPILER_APPICON_NAME = AppIcon;
				ASSETCATALOG_COMPILER_LAUNCHIMAGE_NAME = LaunchImage;
				CODE_SIGN_IDENTITY = "iPhone Developer: Aaron Eckhart (SQ378LXHUU)";
				"CODE_SIGN_IDENTITY[sdk=iphoneos*]" = "iPhone Developer: Aaron Eckhart (SQ378LXHUU)";
				FRAMEWORK_SEARCH_PATHS = (
					"$(inherited)",
					"$(PROJECT_DIR)",
					/Users/viktordenic/Desktop,
				);
				GCC_PRECOMPILE_PREFIX_HEADER = YES;
				GCC_PREFIX_HEADER = "With_v0/With_v0-Prefix.pch";
				INFOPLIST_FILE = "With_v0/With_v0-Info.plist";
				PRODUCT_NAME = "$(TARGET_NAME)";
				PROVISIONING_PROFILE = "C094EDA1-7F21-46B5-805B-A2C34ED76452";
				WRAPPER_EXTENSION = app;
			};
			name = Debug;
		};
		93952FBE194D5D4C001AA3E4 /* Release */ = {
			isa = XCBuildConfiguration;
			buildSettings = {
				ASSETCATALOG_COMPILER_APPICON_NAME = AppIcon;
				ASSETCATALOG_COMPILER_LAUNCHIMAGE_NAME = LaunchImage;
				CODE_SIGN_IDENTITY = "iPhone Developer: Aaron Eckhart (SQ378LXHUU)";
				"CODE_SIGN_IDENTITY[sdk=iphoneos*]" = "iPhone Developer: Aaron Eckhart (SQ378LXHUU)";
				FRAMEWORK_SEARCH_PATHS = (
					"$(inherited)",
					"$(PROJECT_DIR)",
					/Users/viktordenic/Desktop,
				);
				GCC_PRECOMPILE_PREFIX_HEADER = YES;
				GCC_PREFIX_HEADER = "With_v0/With_v0-Prefix.pch";
				INFOPLIST_FILE = "With_v0/With_v0-Info.plist";
				PRODUCT_NAME = "$(TARGET_NAME)";
				PROVISIONING_PROFILE = "C094EDA1-7F21-46B5-805B-A2C34ED76452";
				WRAPPER_EXTENSION = app;
			};
			name = Release;
		};
		93952FC0194D5D4C001AA3E4 /* Debug */ = {
			isa = XCBuildConfiguration;
			buildSettings = {
				BUNDLE_LOADER = "$(BUILT_PRODUCTS_DIR)/With_v0.app/With_v0";
				FRAMEWORK_SEARCH_PATHS = (
					"$(SDKROOT)/Developer/Library/Frameworks",
					"$(inherited)",
					"$(DEVELOPER_FRAMEWORKS_DIR)",
				);
				GCC_PRECOMPILE_PREFIX_HEADER = YES;
				GCC_PREFIX_HEADER = "With_v0/With_v0-Prefix.pch";
				GCC_PREPROCESSOR_DEFINITIONS = (
					"DEBUG=1",
					"$(inherited)",
				);
				INFOPLIST_FILE = "With_v0Tests/With_v0Tests-Info.plist";
				PRODUCT_NAME = "$(TARGET_NAME)";
				TEST_HOST = "$(BUNDLE_LOADER)";
				WRAPPER_EXTENSION = xctest;
			};
			name = Debug;
		};
		93952FC1194D5D4C001AA3E4 /* Release */ = {
			isa = XCBuildConfiguration;
			buildSettings = {
				BUNDLE_LOADER = "$(BUILT_PRODUCTS_DIR)/With_v0.app/With_v0";
				FRAMEWORK_SEARCH_PATHS = (
					"$(SDKROOT)/Developer/Library/Frameworks",
					"$(inherited)",
					"$(DEVELOPER_FRAMEWORKS_DIR)",
				);
				GCC_PRECOMPILE_PREFIX_HEADER = YES;
				GCC_PREFIX_HEADER = "With_v0/With_v0-Prefix.pch";
				INFOPLIST_FILE = "With_v0Tests/With_v0Tests-Info.plist";
				PRODUCT_NAME = "$(TARGET_NAME)";
				TEST_HOST = "$(BUNDLE_LOADER)";
				WRAPPER_EXTENSION = xctest;
			};
			name = Release;
		};
/* End XCBuildConfiguration section */

/* Begin XCConfigurationList section */
		93952F85194D5D4C001AA3E4 /* Build configuration list for PBXProject "With_v0" */ = {
			isa = XCConfigurationList;
			buildConfigurations = (
				93952FBA194D5D4C001AA3E4 /* Debug */,
				93952FBB194D5D4C001AA3E4 /* Release */,
			);
			defaultConfigurationIsVisible = 0;
			defaultConfigurationName = Release;
		};
		93952FBC194D5D4C001AA3E4 /* Build configuration list for PBXNativeTarget "With_v0" */ = {
			isa = XCConfigurationList;
			buildConfigurations = (
				93952FBD194D5D4C001AA3E4 /* Debug */,
				93952FBE194D5D4C001AA3E4 /* Release */,
			);
			defaultConfigurationIsVisible = 0;
			defaultConfigurationName = Release;
		};
		93952FBF194D5D4C001AA3E4 /* Build configuration list for PBXNativeTarget "With_v0Tests" */ = {
			isa = XCConfigurationList;
			buildConfigurations = (
				93952FC0194D5D4C001AA3E4 /* Debug */,
				93952FC1194D5D4C001AA3E4 /* Release */,
			);
			defaultConfigurationIsVisible = 0;
			defaultConfigurationName = Release;
		};
/* End XCConfigurationList section */
	};
	rootObject = 93952F82194D5D4C001AA3E4 /* Project object */;
}
